{
  "originHash" : "0835d960c96ab0bfb4a4c6b1af3624a6831cb7d46f169d227a9eac2cdd6cd163",
  "pins" : [
    {
      "identity" : "appmetrica-sdk-ios",
      "kind" : "remoteSourceControl",
      "location" : "https://github.com/appmetrica/appmetrica-sdk-ios",
      "state" : {
        "revision" : "a00b57ca0ceadd8a838b1d78584999308fcbded0",
        "version" : "6.3.0"
      }
    },
    {
      "identity" : "kscrash",
      "kind" : "remoteSourceControl",
      "location" : "https://github.com/kstenerud/KSCrash",
      "state" : {
        "revision" : "95a8895d75f3c22aa9ad9f2a15d2fbd97b0a55e2",
        "version" : "2.5.1"
      }
    },
    {
      "identity" : "swift-log",
      "kind" : "remoteSourceControl",
      "location" : "https://github.com/apple/swift-log",
      "state" : {
        "revision" : "a012e0ad8a8a72de92b0e008c81a9b793f70e73a",
        "version" : "1.12.1"
      }
    }
  ],
  "version" : 3
}
